
Microsoft Visual Studio Solution File, Format Version 12.00
# Visual Studio Version 16
VisualStudioVersion = 16.0.29306.81
MinimumVisualStudioVersion = 10.0.40219.1
Project("{FAE04EC0-301F-11D3-BF4B-00C04F79EFBC}") = "TestingWebApplication", "WebApplication1\TestingWebApplication.csproj", "{A391E9EA-8384-458B-8CCC-42A0CBD57D2C}"
EndProject
Project("{FAE04EC0-301F-11D3-BF4B-00C04F79EFBC}") = "TestingWebApplicationTests", "TestingWebApplicationTests\TestingWebApplicationTests.csproj", "{FCCD6315-6E3A-4B58-9870-528A404525F5}"
EndProject
Global
	GlobalSection(SolutionConfigurationPlatforms) = preSolution
		Debug|Any CPU = Debug|Any CPU
		Release|Any CPU = Release|Any CPU
	EndGlobalSection
	GlobalSection(ProjectConfigurationPlatforms) = postSolution
		{A391E9EA-8384-458B-8CCC-42A0CBD57D2C}.Debug|Any CPU.ActiveCfg = Debug|Any CPU
		{A391E9EA-8384-458B-8CCC-42A0CBD57D2C}.Debug|Any CPU.Build.0 = Debug|Any CPU
		{A391E9EA-8384-458B-8CCC-42A0CBD57D2C}.Release|Any CPU.ActiveCfg = Release|Any CPU
		{A391E9EA-8384-458B-8CCC-42A0CBD57D2C}.Release|Any CPU.Build.0 = Release|Any CPU
		{FCCD6315-6E3A-4B58-9870-528A404525F5}.Debug|Any CPU.ActiveCfg = Debug|Any CPU
		{FCCD6315-6E3A-4B58-9870-528A404525F5}.Debug|Any CPU.Build.0 = Debug|Any CPU
		{FCCD6315-6E3A-4B58-9870-528A404525F5}.Release|Any CPU.ActiveCfg = Release|Any CPU
		{FCCD6315-6E3A-4B58-9870-528A404525F5}.Release|Any CPU.Build.0 = Release|Any CPU
	EndGlobalSection
	GlobalSection(SolutionProperties) = preSolution
		HideSolutionNode = FALSE
	EndGlobalSection
	GlobalSection(ExtensibilityGlobals) = postSolution
		SolutionGuid = {E7A609C9-6449-4585-B910-1787817BBACC}
	EndGlobalSection
EndGlobal
